
Microsoft Visual Studio Solution File, Format Version 12.00
# Visual Studio Version 16
VisualStudioVersion = 16.0.29215.179
MinimumVisualStudioVersion = 10.0.40219.1
Project("{FAE04EC0-301F-11D3-BF4B-00C04F79EFBC}") = "FriendOrganizer.UI", "FriendOrganizer.UI\FriendOrganizer.UI.csproj", "{75FA29ED-5A5D-438D-A5CE-3B37240A3EBD}"
EndProject
Project("{FAE04EC0-301F-11D3-BF4B-00C04F79EFBC}") = "FriendOrganizer.Model", "FriendOrganizer.Model\FriendOrganizer.Model.csproj", "{C045EEC6-2F50-4F9C-A60B-50857B2A7B74}"
EndProject
Project("{FAE04EC0-301F-11D3-BF4B-00C04F79EFBC}") = "FriendOrganizer.DataAccess", "FriendOrganizer.DataAccess\FriendOrganizer.DataAccess.csproj", "{29AE9487-C18C-4076-A19C-8ACD3961DF12}"
EndProject
Global
	GlobalSection(SolutionConfigurationPlatforms) = preSolution
		Debug|Any CPU = Debug|Any CPU
		Release|Any CPU = Release|Any CPU
	EndGlobalSection
	GlobalSection(ProjectConfigurationPlatforms) = postSolution
		{75FA29ED-5A5D-438D-A5CE-3B37240A3EBD}.Debug|Any CPU.ActiveCfg = Debug|Any CPU
		{75FA29ED-5A5D-438D-A5CE-3B37240A3EBD}.Debug|Any CPU.Build.0 = Debug|Any CPU
		{75FA29ED-5A5D-438D-A5CE-3B37240A3EBD}.Release|Any CPU.ActiveCfg = Release|Any CPU
		{75FA29ED-5A5D-438D-A5CE-3B37240A3EBD}.Release|Any CPU.Build.0 = Release|Any CPU
		{C045EEC6-2F50-4F9C-A60B-50857B2A7B74}.Debug|Any CPU.ActiveCfg = Debug|Any CPU
		{C045EEC6-2F50-4F9C-A60B-50857B2A7B74}.Debug|Any CPU.Build.0 = Debug|Any CPU
		{C045EEC6-2F50-4F9C-A60B-50857B2A7B74}.Release|Any CPU.ActiveCfg = Release|Any CPU
		{C045EEC6-2F50-4F9C-A60B-50857B2A7B74}.Release|Any CPU.Build.0 = Release|Any CPU
		{29AE9487-C18C-4076-A19C-8ACD3961DF12}.Debug|Any CPU.ActiveCfg = Debug|Any CPU
		{29AE9487-C18C-4076-A19C-8ACD3961DF12}.Debug|Any CPU.Build.0 = Debug|Any CPU
		{29AE9487-C18C-4076-A19C-8ACD3961DF12}.Release|Any CPU.ActiveCfg = Release|Any CPU
		{29AE9487-C18C-4076-A19C-8ACD3961DF12}.Release|Any CPU.Build.0 = Release|Any CPU
	EndGlobalSection
	GlobalSection(SolutionProperties) = preSolution
		HideSolutionNode = FALSE
	EndGlobalSection
	GlobalSection(ExtensibilityGlobals) = postSolution
		SolutionGuid = {52723D43-FFC6-4BA7-8A67-359A78D6E728}
	EndGlobalSection
EndGlobal
